version = 1
revision = 3
requires-python = ">=3.12"

[[package]]
name = "allpairspy"
version = "2.5.1"
source = { registry = "https://pypi.org/simple" }
sdist = { url = "https://files.pythonhosted.org/packages/ea/9e/a5a536c22f56cdbbb0236889cff33915e20fb93a0526887367b38e91122e/allpairspy-2.5.1.tar.gz", hash = "sha256:f69d31a3b56eee119d1ec6063e9c732dd44fbba352ef738cb22d9699fc4009fe", size = 14281, upload-time = "2023-07-08T09:08:54.049Z" }
wheels = [
    { url = "https://files.pythonhosted.org/packages/5a/1a/fedf0f2ff77ec65e599112b2d5402fee5c166d9378b51760b696bd8cde1d/allpairspy-2.5.1-py3-none-any.whl", hash = "sha256:3f97cbac2bbee86f4bfceffd0fd91dca740a120c78e9368af2bad81a2b3426e2", size = 8965, upload-time = "2023-07-08T09:08:51.994Z" },
]

[[package]]
name = "approval-utilities"
version = "17.2.1"
source = { registry = "https://pypi.org/simple" }
sdist = { url = "https://files.pythonhosted.org/packages/75/15/3c68e793545918634883e34df75c3f3f38661e6b5811e21b5fb4802064ac/approval_utilities-17.2.1.tar.gz", hash = "sha256:5e7bda5af11b6ed9e3828ec389c52ad57f5e9bcb928a787bade309a335b7122a", size = 37049, upload-time = "2026-03-01T19:59:40.01Z" }
wheels = [
    { url = "https://files.pythonhosted.org/packages/e4/e2/b931c2da18762d5efd95a59ad9e7499a06bbcdf5e6ca31203e1406336b18/approval_utilities-17.2.1-py3-none-any.whl", hash = "sha256:ab4717ecef9d048ec16b81e20db6d757c527fb6708112c4072773ba7703f5f54", size = 19822, upload-time = "2026-03-01T19:59:38.956Z" },
]

[[package]]
name = "approvaltests"
version = "17.2.1"
source = { registry = "https://pypi.org/simple" }
dependencies = [
    { name = "allpairspy" },
    { name = "approval-utilities" },
    { name = "beautifulsoup4" },
    { name = "empty-files" },
    { name = "mock" },
    { name = "pyperclip" },
    { name = "pytest" },
    { name = "testfixtures" },
    { name = "typing-extensions" },
]
sdist = { url = "https://files.pythonhosted.org/packages/10/54/77a56abdccdd7723448bceccbe9ad3663deb148f6816e8995814ae9e7e60/approvaltests-17.2.1.tar.gz", hash = "sha256:59e35b5e3238ced7a77b440619b895b4f8cf179405ead6fbb06f9e5ac2648935", size = 65533, upload-time = "2026-03-01T19:59:45.837Z" }
wheels = [
    { url = "https://files.pythonhosted.org/packages/b9/0f/139c33dda4a80830ea378ca1056ad2505455acfae5ba214bd62cb4e8fa0c/approvaltests-17.2.1-py3-none-any.whl", hash = "sha256:50620958117a9a896ef8bece4165b433d6b922b32599d55b57d30b097e3b0aeb", size = 66416, upload-time = "2026-03-01T19:59:44.115Z" },
]

[[package]]
name = "beautifulsoup4"
version = "4.14.3"
source = { registry = "https://pypi.org/simple" }
dependencies = [
    { name = "soupsieve" },
    { name = "typing-extensions" },
]
sdist = { url = "https://files.pythonhosted.org/packages/c3/b0/1c6a16426d389813b48d95e26898aff79abbde42ad353958ad95cc8c9b21/beautifulsoup4-4.14.3.tar.gz", hash = "sha256:6292b1c5186d356bba669ef9f7f051757099565ad9ada5dd630bd9de5fa7fb86", size = 627737, upload-time = "2025-11-30T15:08:26.084Z" }
wheels = [
    { url = "https://files.pythonhosted.org/packages/1a/39/47f9197bdd44df24d67ac8893641e16f386c984a0619ef2ee4c51fbbc019/beautifulsoup4-4.14.3-py3-none-any.whl", hash = "sha256:0918bfe44902e6ad8d57732ba310582e98da931428d231a5ecb9e7c703a735bb", size = 107721, upload-time = "2025-11-30T15:08:24.087Z" },
]

[[package]]
name = "certifi"
version = "2026.2.25"
source = { registry = "https://pypi.org/simple" }
sdist = { url = "https://files.pythonhosted.org/packages/af/2d/7bf41579a8986e348fa033a31cdd0e4121114f6bce2457e8876010b092dd/certifi-2026.2.25.tar.gz", hash = "sha256:e887ab5cee78ea814d3472169153c2d12cd43b14bd03329a39a9c6e2e80bfba7", size = 155029, upload-time = "2026-02-25T02:54:17.342Z" }
wheels = [
    { url = "https://files.pythonhosted.org/packages/9a/3c/c17fb3ca2d9c3acff52e30b309f538586f9f5b9c9cf454f3845fc9af4881/certifi-2026.2.25-py3-none-any.whl", hash = "sha256:027692e4402ad994f1c42e52a4997a9763c646b73e4096e4d5d6db8af1d6f0fa", size = 153684, upload-time = "2026-02-25T02:54:15.766Z" },
]

[[package]]
name = "charset-normalizer"
version = "3.4.5"
source = { registry = "https://pypi.org/simple" }
wheels = [
    { url = "https://files.pythonhosted.org/packages/9c/b6/9ee9c1a608916ca5feae81a344dffbaa53b26b90be58cc2159e3332d44ec/charset_normalizer-3.4.5-cp312-cp312-macosx_10_13_universal2.whl", hash = "sha256:ed97c282ee4f994ef814042423a529df9497e3c666dca19be1d4cd1129dc7ade", size = 280976, upload-time = "2026-03-06T06:01:15.276Z" },
    { url = "https://files.pythonhosted.org/packages/f8/d8/a54f7c0b96f1df3563e9190f04daf981e365a9b397eedfdfb5dbef7e5c6c/charset_normalizer-3.4.5-cp312-cp312-manylinux2014_aarch64.manylinux_2_17_aarch64.manylinux_2_28_aarch64.whl", hash = "sha256:0294916d6ccf2d069727d65973c3a1ca477d68708db25fd758dd28b0827cff54", size = 189356, upload-time = "2026-03-06T06:01:16.511Z" },
    { url = "https://files.pythonhosted.org/packages/42/69/2bf7f76ce1446759a5787cb87d38f6a61eb47dbbdf035cfebf6347292a65/charset_normalizer-3.4.5-cp312-cp312-manylinux2014_ppc64le.manylinux_2_17_ppc64le.manylinux_2_28_ppc64le.whl", hash = "sha256:dc57a0baa3eeedd99fafaef7511b5a6ef4581494e8168ee086031744e2679467", size = 206369, upload-time = "2026-03-06T06:01:17.853Z" },
    { url = "https://files.pythonhosted.org/packages/10/9c/949d1a46dab56b959d9a87272482195f1840b515a3380e39986989a893ae/charset_normalizer-3.4.5-cp312-cp312-manylinux2014_s390x.manylinux_2_17_s390x.manylinux_2_28_s390x.whl", hash = "sha256:ed1a9a204f317ef879b32f9af507d47e49cd5e7f8e8d5d96358c98373314fc60", size = 203285, upload-time = "2026-03-06T06:01:19.473Z" },
    { url = "https://files.pythonhosted.org/packages/67/5c/ae30362a88b4da237d71ea214a8c7eb915db3eec941adda511729ac25fa2/charset_normalizer-3.4.5-cp312-cp312-manylinux2014_x86_64.manylinux_2_17_x86_64.manylinux_2_28_x86_64.whl", hash = "sha256:7ad83b8f9379176c841f8865884f3514d905bcd2a9a3b210eaa446e7d2223e4d", size = 196274, upload-time = "2026-03-06T06:01:20.728Z" },
    { url = "https://files.pythonhosted.org/packages/b2/07/c9f2cb0e46cb6d64fdcc4f95953747b843bb2181bda678dc4e699b8f0f9a/charset_normalizer-3.4.5-cp312-cp312-manylinux_2_31_armv7l.whl", hash = "sha256:a118e2e0b5ae6b0120d5efa5f866e58f2bb826067a646431da4d6a2bdae7950e", size = 184715, upload-time = "2026-03-06T06:01:22.194Z" },
    { url = "https://files.pythonhosted.org/packages/36/64/6b0ca95c44fddf692cd06d642b28f63009d0ce325fad6e9b2b4d0ef86a52/charset_normalizer-3.4.5-cp312-cp312-manylinux_2_31_riscv64.manylinux_2_39_riscv64.whl", hash = "sha256:754f96058e61a5e22e91483f823e07df16416ce76afa4ebf306f8e1d1296d43f", size = 193426, upload-time = "2026-03-06T06:01:23.795Z" },
    { url = "https://files.pythonhosted.org/packages/50/bc/a730690d726403743795ca3f5bb2baf67838c5fea78236098f324b965e40/charset_normalizer-3.4.5-cp312-cp312-musllinux_1_2_aarch64.whl", hash = "sha256:0c300cefd9b0970381a46394902cd18eaf2aa00163f999590ace991989dcd0fc", size = 191780, upload-time = "2026-03-06T06:01:25.053Z" },
    { url = "https://files.pythonhosted.org/packages/97/4f/6c0bc9af68222b22951552d73df4532b5be6447cee32d58e7e8c74ecbb7b/charset_normalizer-3.4.5-cp312-cp312-musllinux_1_2_armv7l.whl", hash = "sha256:c108f8619e504140569ee7de3f97d234f0fbae338a7f9f360455071ef9855a95", size = 185805, upload-time = "2026-03-06T06:01:26.294Z" },
    { url = "https://files.pythonhosted.org/packages/dd/b9/a523fb9b0ee90814b503452b2600e4cbc118cd68714d57041564886e7325/charset_normalizer-3.4.5-cp312-cp312-musllinux_1_2_ppc64le.whl", hash = "sha256:d1028de43596a315e2720a9849ee79007ab742c06ad8b45a50db8cdb7ed4a82a", size = 208342, upload-time = "2026-03-06T06:01:27.55Z" },
    { url = "https://files.pythonhosted.org/packages/4d/61/c59e761dee4464050713e50e27b58266cc8e209e518c0b378c1580c959ba/charset_normalizer-3.4.5-cp312-cp312-musllinux_1_2_riscv64.whl", hash = "sha256:19092dde50335accf365cce21998a1c6dd8eafd42c7b226eb54b2747cdce2fac", size = 193661, upload-time = "2026-03-06T06:01:29.051Z" },
    { url = "https://files.pythonhosted.org/packages/1c/43/729fa30aad69783f755c5ad8649da17ee095311ca42024742701e202dc59/charset_normalizer-3.4.5-cp312-cp312-musllinux_1_2_s390x.whl", hash = "sha256:4354e401eb6dab9aed3c7b4030514328a6c748d05e1c3e19175008ca7de84fb1", size = 204819, upload-time = "2026-03-06T06:01:30.298Z" },
    { url = "https://files.pythonhosted.org/packages/87/33/d9b442ce5a91b96fc0840455a9e49a611bbadae6122778d0a6a79683dd31/charset_normalizer-3.4.5-cp312-cp312-musllinux_1_2_x86_64.whl", hash = "sha256:a68766a3c58fde7f9aaa22b3786276f62ab2f594efb02d0a1421b6282e852e98", size = 198080, upload-time = "2026-03-06T06:01:31.478Z" },
    { url = "https://files.pythonhosted.org/packages/56/5a/b8b5a23134978ee9885cee2d6995f4c27cc41f9baded0a9685eabc5338f0/charset_normalizer-3.4.5-cp312-cp312-win32.whl", hash = "sha256:1827734a5b308b65ac54e86a618de66f935a4f63a8a462ff1e19a6788d6c2262", size = 132630, upload-time = "2026-03-06T06:01:33.056Z" },
    { url = "https://files.pythonhosted.org/packages/70/53/e44a4c07e8904500aec95865dc3f6464dc3586a039ef0df606eb3ac38e35/charset_normalizer-3.4.5-cp312-cp312-win_amd64.whl", hash = "sha256:728c6a963dfab66ef865f49286e45239384249672cd598576765acc2a640a636", size = 142856, upload-time = "2026-03-06T06:01:34.489Z" },
    { url = "https://files.pythonhosted.org/packages/ea/aa/c5628f7cad591b1cf45790b7a61483c3e36cf41349c98af7813c483fd6e8/charset_normalizer-3.4.5-cp312-cp312-win_arm64.whl", hash = "sha256:75dfd1afe0b1647449e852f4fb428195a7ed0588947218f7ba929f6538487f02", size = 132982, upload-time = "2026-03-06T06:01:35.641Z" },
    { url = "https://files.pythonhosted.org/packages/f5/48/9f34ec4bb24aa3fdba1890c1bddb97c8a4be1bd84ef5c42ac2352563ad05/charset_normalizer-3.4.5-cp313-cp313-macosx_10_13_universal2.whl", hash = "sha256:ac59c15e3f1465f722607800c68713f9fbc2f672b9eb649fe831da4019ae9b23", size = 280788, upload-time = "2026-03-06T06:01:37.126Z" },
    { url = "https://files.pythonhosted.org/packages/0e/09/6003e7ffeb90cc0560da893e3208396a44c210c5ee42efff539639def59b/charset_normalizer-3.4.5-cp313-cp313-manylinux2014_aarch64.manylinux_2_17_aarch64.manylinux_2_28_aarch64.whl", hash = "sha256:165c7b21d19365464e8f70e5ce5e12524c58b48c78c1f5a57524603c1ab003f8", size = 188890, upload-time = "2026-03-06T06:01:38.73Z" },
    { url = "https://files.pythonhosted.org/packages/42/1e/02706edf19e390680daa694d17e2b8eab4b5f7ac285e2a51168b4b22ee6b/charset_normalizer-3.4.5-cp313-cp313-manylinux2014_ppc64le.manylinux_2_17_ppc64le.manylinux_2_28_ppc64le.whl", hash = "sha256:28269983f25a4da0425743d0d257a2d6921ea7d9b83599d4039486ec5b9f911d", size = 206136, upload-time = "2026-03-06T06:01:40.016Z" },
    { url = "https://files.pythonhosted.org/packages/c7/87/942c3def1b37baf3cf786bad01249190f3ca3d5e63a84f831e704977de1f/charset_normalizer-3.4.5-cp313-cp313-manylinux2014_s390x.manylinux_2_17_s390x.manylinux_2_28_s390x.whl", hash = "sha256:d27ce22ec453564770d29d03a9506d449efbb9fa13c00842262b2f6801c48cce", size = 202551, upload-time = "2026-03-06T06:01:41.522Z" },
    { url = "https://files.pythonhosted.org/packages/94/0a/af49691938dfe175d71b8a929bd7e4ace2809c0c5134e28bc535660d5262/charset_normalizer-3.4.5-cp313-cp313-manylinux2014_x86_64.manylinux_2_17_x86_64.manylinux_2_28_x86_64.whl", hash = "sha256:0625665e4ebdddb553ab185de5db7054393af8879fb0c87bd5690d14379d6819", size = 195572, upload-time = "2026-03-06T06:01:43.208Z" },
    { url = "https://files.pythonhosted.org/packages/20/ea/dfb1792a8050a8e694cfbde1570ff97ff74e48afd874152d38163d1df9ae/charset_normalizer-3.4.5-cp313-cp313-manylinux_2_31_armv7l.whl", hash = "sha256:c23eb3263356d94858655b3e63f85ac5d50970c6e8febcdde7830209139cc37d", size = 184438, upload-time = "2026-03-06T06:01:44.755Z" },
    { url = "https://files.pythonhosted.org/packages/72/12/c281e2067466e3ddd0595bfaea58a6946765ace5c72dfa3edc2f5f118026/charset_normalizer-3.4.5-cp313-cp313-manylinux_2_31_riscv64.manylinux_2_39_riscv64.whl", hash = "sha256:e6302ca4ae283deb0af68d2fbf467474b8b6aedcd3dab4db187e07f94c109763", size = 193035, upload-time = "2026-03-06T06:01:46.051Z" },
    { url = "https://files.pythonhosted.org/packages/ba/4f/3792c056e7708e10464bad0438a44708886fb8f92e3c3d29ec5e2d964d42/charset_normalizer-3.4.5-cp313-cp313-musllinux_1_2_aarch64.whl", hash = "sha256:e51ae7d81c825761d941962450f50d041db028b7278e7b08930b4541b3e45cb9", size = 191340, upload-time = "2026-03-06T06:01:47.547Z" },
    { url = "https://files.pythonhosted.org/packages/e7/86/80ddba897127b5c7a9bccc481b0cd36c8fefa485d113262f0fe4332f0bf4/charset_normalizer-3.4.5-cp313-cp313-musllinux_1_2_armv7l.whl", hash = "sha256:597d10dec876923e5c59e48dbd366e852eacb2b806029491d307daea6b917d7c", size = 185464, upload-time = "2026-03-06T06:01:48.764Z" },
    { url = "https://files.pythonhosted.org/packages/4d/00/b5eff85ba198faacab83e0e4b6f0648155f072278e3b392a82478f8b988b/charset_normalizer-3.4.5-cp313-cp313-musllinux_1_2_ppc64le.whl", hash = "sha256:5cffde4032a197bd3b42fd0b9509ec60fb70918d6970e4cc773f20fc9180ca67", size = 208014, upload-time = "2026-03-06T06:01:50.371Z" },
    { url = "https://files.pythonhosted.org/packages/c8/11/d36f70be01597fd30850dde8a1269ebc8efadd23ba5785808454f2389bde/charset_normalizer-3.4.5-cp313-cp313-musllinux_1_2_riscv64.whl", hash = "sha256:2da4eedcb6338e2321e831a0165759c0c620e37f8cd044a263ff67493be8ffb3", size = 193297, upload-time = "2026-03-06T06:01:51.933Z" },
    { url = "https://files.pythonhosted.org/packages/1a/1d/259eb0a53d4910536c7c2abb9cb25f4153548efb42800c6a9456764649c0/charset_normalizer-3.4.5-cp313-cp313-musllinux_1_2_s390x.whl", hash = "sha256:65a126fb4b070d05340a84fc709dd9e7c75d9b063b610ece8a60197a291d0adf", size = 204321, upload-time = "2026-03-06T06:01:53.887Z" },
    { url = "https://files.pythonhosted.org/packages/84/31/faa6c5b9d3688715e1ed1bb9d124c384fe2fc1633a409e503ffe1c6398c1/charset_normalizer-3.4.5-cp313-cp313-musllinux_1_2_x86_64.whl", hash = "sha256:c7a80a9242963416bd81f99349d5f3fce1843c303bd404f204918b6d75a75fd6", size = 197509, upload-time = "2026-03-06T06:01:56.439Z" },
    { url = "https://files.pythonhosted.org/packages/fd/a5/c7d9dd1503ffc08950b3260f5d39ec2366dd08254f0900ecbcf3a6197c7c/charset_normalizer-3.4.5-cp313-cp313-win32.whl", hash = "sha256:f1d725b754e967e648046f00c4facc42d414840f5ccc670c5670f59f83693e4f", size = 132284, upload-time = "2026-03-06T06:01:57.812Z" },
    { url = "https://files.pythonhosted.org/packages/b9/0f/57072b253af40c8aa6636e6de7d75985624c1eb392815b2f934199340a89/charset_normalizer-3.4.5-cp313-cp313-win_amd64.whl", hash = "sha256:e37bd100d2c5d3ba35db9c7c5ba5a9228cbcffe5c4778dc824b164e5257813d7", size = 142630, upload-time = "2026-03-06T06:01:59.062Z" },
    { url = "https://files.pythonhosted.org/packages/31/41/1c4b7cc9f13bd9d369ce3bc993e13d374ce25fa38a2663644283ecf422c1/charset_normalizer-3.4.5-cp313-cp313-win_arm64.whl", hash = "sha256:93b3b2cc5cf1b8743660ce77a4f45f3f6d1172068207c1defc779a36eea6bb36", size = 133254, upload-time = "2026-03-06T06:02:00.281Z" },
    { url = "https://files.pythonhosted.org/packages/43/be/0f0fd9bb4a7fa4fb5067fb7d9ac693d4e928d306f80a0d02bde43a7c4aee/charset_normalizer-3.4.5-cp314-cp314-macosx_10_15_universal2.whl", hash = "sha256:8197abe5ca1ffb7d91e78360f915eef5addff270f8a71c1fc5be24a56f3e4873", size = 280232, upload-time = "2026-03-06T06:02:01.508Z" },
    { url = "https://files.pythonhosted.org/packages/28/02/983b5445e4bef49cd8c9da73a8e029f0825f39b74a06d201bfaa2e55142a/charset_normalizer-3.4.5-cp314-cp314-manylinux2014_aarch64.manylinux_2_17_aarch64.manylinux_2_28_aarch64.whl", hash = "sha256:a2aecdb364b8a1802afdc7f9327d55dad5366bc97d8502d0f5854e50712dbc5f", size = 189688, upload-time = "2026-03-06T06:02:02.857Z" },
    { url = "https://files.pythonhosted.org/packages/d0/88/152745c5166437687028027dc080e2daed6fe11cfa95a22f4602591c42db/charset_normalizer-3.4.5-cp314-cp314-manylinux2014_ppc64le.manylinux_2_17_ppc64le.manylinux_2_28_ppc64le.whl", hash = "sha256:a66aa5022bf81ab4b1bebfb009db4fd68e0c6d4307a1ce5ef6a26e5878dfc9e4", size = 206833, upload-time = "2026-03-06T06:02:05.127Z" },
    { url = "https://files.pythonhosted.org/packages/cb/0f/ebc15c8b02af2f19be9678d6eed115feeeccc45ce1f4b098d986c13e8769/charset_normalizer-3.4.5-cp314-cp314-manylinux2014_s390x.manylinux_2_17_s390x.manylinux_2_28_s390x.whl", hash = "sha256:d77f97e515688bd615c1d1f795d540f32542d514242067adcb8ef532504cb9ee", size = 202879, upload-time = "2026-03-06T06:02:06.446Z" },
    { url = "https://files.pythonhosted.org/packages/38/9c/71336bff6934418dc8d1e8a1644176ac9088068bc571da612767619c97b3/charset_normalizer-3.4.5-cp314-cp314-manylinux2014_x86_64.manylinux_2_17_x86_64.manylinux_2_28_x86_64.whl", hash = "sha256:01a1ed54b953303ca7e310fafe0fe347aab348bd81834a0bcd602eb538f89d66", size = 195764, upload-time = "2026-03-06T06:02:08.763Z" },
    { url = "https://files.pythonhosted.org/packages/b7/95/ce92fde4f98615661871bc282a856cf9b8a15f686ba0af012984660d480b/charset_normalizer-3.4.5-cp314-cp314-manylinux_2_31_armv7l.whl", hash = "sha256:b2d37d78297b39a9eb9eb92c0f6df98c706467282055419df141389b23f93362", size = 183728, upload-time = "2026-03-06T06:02:10.137Z" },
]

[[package]]
name = "colorama"
version = "0.4.6"
source = { registry = "https://pypi.org/simple" }
sdist = { url = "https://files.pythonhosted.org/packages/d8/53/6f443c9a4a8358a93a6792e2acffb9d9d5cb0a5cfd8802644b7b1c9a02e4/colorama-0.4.6.tar.gz", hash = "sha256:08695f5cb7ed6e0531a20572697297273c47b8cae5a63ffc6d6ed5c201be6e44", size = 27697, upload-time = "2022-10-25T02:36:22.414Z" }
wheels = [
    { url = "https://files.pythonhosted.org/packages/d1/d6/3965ed04c63042e047cb6a3e6ed1a63a35087b6a609aa3a15ed8ac56c221/colorama-0.4.6-py2.py3-none-any.whl", hash = "sha256:4f1d9991f5acc0ca119f9d443620b77f9d6b33703e51011c16baf57afb285fc6", size = 25335, upload-time = "2022-10-25T02:36:20.889Z" },
]

[[package]]
name = "empty-files"
version = "0.0.9"
source = { registry = "https://pypi.org/simple" }
dependencies = [
    { name = "requests" },
]
sdist = { url = "https://files.pythonhosted.org/packages/0e/19/ac55ab18403da2885b3fd5baa7974b12d8a3c59ee56ea185a9a80632839b/empty-files-0.0.9.tar.gz", hash = "sha256:22e74de327271ef9592a661aaa53bb1d5fa6cfd539dac7315625c8b30b7292ae", size = 6812, upload-time = "2023-07-30T19:40:44.035Z" }
wheels = [
    { url = "https://files.pythonhosted.org/packages/3c/4c/d5b6973c9f10992a2aee9c4cb542b25ebdabe907243d6c9650c89dbf578b/empty_files-0.0.9-py3-none-any.whl", hash = "sha256:9af04feacd5858d1255a00e76926a2d760f6d05c3c5a8df58abd6be21da742c2", size = 7165, upload-time = "2023-07-30T19:40:42.657Z" },
]

[[package]]
name = "idna"
version = "3.11"
source = { registry = "https://pypi.org/simple" }
sdist = { url = "https://files.pythonhosted.org/packages/6f/6d/0703ccc57f3a7233505399edb88de3cbd678da106337b9fcde432b65ed60/idna-3.11.tar.gz", hash = "sha256:795dafcc9c04ed0c1fb032c2aa73654d8e8c5023a7df64a53f39190ada629902", size = 194582, upload-time = "2025-10-12T14:55:20.501Z" }
wheels = [
    { url = "https://files.pythonhosted.org/packages/0e/61/66938bbb5fc52dbdf84594873d5b51fb1f7c7794e9c0f5bd885f30bc507b/idna-3.11-py3-none-any.whl", hash = "sha256:771a87f49d9defaf64091e6e6fe9c18d4833f140bd19464795bc32d966ca37ea", size = 71008, upload-time = "2025-10-12T14:55:18.883Z" },
]

[[package]]
name = "iniconfig"
version = "2.3.0"
source = { registry = "https://pypi.org/simple" }
sdist = { url = "https://files.pythonhosted.org/packages/72/34/14ca021ce8e5dfedc35312d08ba8bf51fdd999c576889fc2c24cb97f4f10/iniconfig-2.3.0.tar.gz", hash = "sha256:c76315c77db068650d49c5b56314774a7804df16fee4402c1f19d6d15d8c4730", size = 20503, upload-time = "2025-10-18T21:55:43.219Z" }
wheels = [
    { url = "https://files.pythonhosted.org/packages/cb/b1/3846dd7f199d53cb17f49cba7e651e9ce294d8497c8c150530ed11865bb8/iniconfig-2.3.0-py3-none-any.whl", hash = "sha256:f631c04d2c48c52b84d0d0549c99ff3859c98df65b3101406327ecc7d53fbf12", size = 7484, upload-time = "2025-10-18T21:55:41.639Z" },
]

[[package]]
name = "kata-with-rdf-twist"
version = "0.1.0"
source = { virtual = "." }
dependencies = [
    { name = "rdflib" },
]

[package.dev-dependencies]
dev = [
    { name = "approvaltests" },
    { name = "pytest" },
]

[package.metadata]
requires-dist = [{ name = "rdflib", specifier = ">=7.0.0" }]

[package.metadata.requires-dev]
dev = [
    { name = "approvaltests", specifier = ">=14.0.0" },
    { name = "pytest", specifier = "==8.3.3" },
]

[[package]]
name = "mock"
version = "5.2.0"
source = { registry = "https://pypi.org/simple" }
sdist = { url = "https://files.pythonhosted.org/packages/07/8c/14c2ae915e5f9dca5a22edd68b35be94400719ccfa068a03e0fb63d0f6f6/mock-5.2.0.tar.gz", hash = "sha256:4e460e818629b4b173f32d08bf30d3af8123afbb8e04bb5707a1fd4799e503f0", size = 92796, upload-time = "2025-03-03T12:31:42.911Z" }
wheels = [
    { url = "https://files.pythonhosted.org/packages/bd/d9/617e6af809bf3a1d468e0d58c3997b1dc219a9a9202e650d30c2fc85d481/mock-5.2.0-py3-none-any.whl", hash = "sha256:7ba87f72ca0e915175596069dbbcc7c75af7b5e9b9bc107ad6349ede0819982f", size = 31617, upload-time = "2025-03-03T12:31:41.518Z" },
]

[[package]]
name = "packaging"
version = "26.0"
source = { registry = "https://pypi.org/simple" }
sdist = { url = "https://files.pythonhosted.org/packages/65/ee/299d360cdc32edc7d2cf530f3accf79c4fca01e96ffc950d8a52213bd8e4/packaging-26.0.tar.gz", hash = "sha256:00243ae351a257117b6a241061796684b084ed1c516a08c48a3f7e147a9d80b4", size = 143416, upload-time = "2026-01-21T20:50:39.064Z" }
wheels = [
    { url = "https://files.pythonhosted.org/packages/b7/b9/c538f279a4e237a006a2c98387d081e9eb060d203d8ed34467cc0f0b9b53/packaging-26.0-py3-none-any.whl", hash = "sha256:b36f1fef9334a5588b4166f8bcd26a14e521f2b55e6b9de3aaa80d3ff7a37529", size = 74366, upload-time = "2026-01-21T20:50:37.788Z" },
]

[[package]]
name = "pluggy"
version = "1.6.0"
source = { registry = "https://pypi.org/simple" }
sdist = { url = "https://files.pythonhosted.org/packages/f9/e2/3e91f31a7d2b083fe6ef3fa267035b518369d9511ffab804f839851d2779/pluggy-1.6.0.tar.gz", hash = "sha256:7dcc130b76258d33b90f61b658791dede3486c3e6bfb003ee5c9bfb396dd22f3", size = 69412, upload-time = "2025-05-15T12:30:07.975Z" }
wheels = [
    { url = "https://files.pythonhosted.org/packages/54/20/4d324d65cc6d9205fabedc306948156824eb9f0ee1633355a8f7ec5c66bf/pluggy-1.6.0-py3-none-any.whl", hash = "sha256:e920276dd6813095e9377c0bc5566d94c932c33b27a3e3945d8389c374dd4746", size = 20538, upload-time = "2025-05-15T12:30:06.134Z" },
]

[[package]]
name = "pyparsing"
version = "3.3.2"
source = { registry = "https://pypi.org/simple" }
sdist = { url = "https://files.pythonhosted.org/packages/f3/91/9c6ee907786a473bf81c5f53cf703ba0957b23ab84c264080fb5a450416f/pyparsing-3.3.2.tar.gz", hash = "sha256:c777f4d763f140633dcb6d8a3eda953bf7a214dc4eff598413c070bcdc117cbc", size = 6851574, upload-time = "2026-01-21T03:57:59.36Z" }
wheels = [
    { url = "https://files.pythonhosted.org/packages/10/bd/c038d7cc38edc1aa5bf91ab8068b63d4308c66c4c8bb3cbba7dfbc049f9c/pyparsing-3.3.2-py3-none-any.whl", hash = "sha256:850ba148bd908d7e2411587e247a1e4f0327839c40e2e5e6d05a007ecc69911d", size = 122781, upload-time = "2026-01-21T03:57:55.912Z" },
]

[[package]]
name = "pyperclip"
version = "1.11.0"
source = { registry = "https://pypi.org/simple" }
sdist = { url = "https://files.pythonhosted.org/packages/e8/52/d87eba7cb129b81563019d1679026e7a112ef76855d6159d24754dbd2a51/pyperclip-1.11.0.tar.gz", hash = "sha256:244035963e4428530d9e3a6101a1ef97209c6825edab1567beac148ccc1db1b6", size = 12185, upload-time = "2025-09-26T14:40:37.245Z" }
wheels = [
    { url = "https://files.pythonhosted.org/packages/df/80/fc9d01d5ed37ba4c42ca2b55b4339ae6e200b456be3a1aaddf4a9fa99b8c/pyperclip-1.11.0-py3-none-any.whl", hash = "sha256:299403e9ff44581cb9ba2ffeed69c7aa96a008622ad0c46cb575ca75b5b84273", size = 11063, upload-time = "2025-09-26T14:40:36.069Z" },
]

[[package]]
name = "pytest"
version = "8.3.3"
source = { registry = "https://pypi.org/simple" }
dependencies = [
    { name = "colorama", marker = "sys_platform == 'win32'" },
    { name = "iniconfig" },
    { name = "packaging" },
    { name = "pluggy" },
]
sdist = { url = "https://files.pythonhosted.org/packages/8b/6c/62bbd536103af674e227c41a8f3dcd022d591f6eed5facb5a0f31ee33bbc/pytest-8.3.3.tar.gz", hash = "sha256:70b98107bd648308a7952b06e6ca9a50bc660be218d53c257cc1fc94fda10181", size = 1442487, upload-time = "2024-09-10T10:52:15.003Z" }
wheels = [
    { url = "https://files.pythonhosted.org/packages/6b/77/7440a06a8ead44c7757a64362dd22df5760f9b12dc5f11b6188cd2fc27a0/pytest-8.3.3-py3-none-any.whl", hash = "sha256:a6853c7375b2663155079443d2e45de913a911a11d669df02a50814944db57b2", size = 342341, upload-time = "2024-09-10T10:52:12.54Z" },
]

[[package]]
name = "rdflib"
version = "7.6.0"
source = { registry = "https://pypi.org/simple" }
dependencies = [
    { name = "pyparsing" },
]
sdist = { url = "https://files.pythonhosted.org/packages/98/f5/18bb77b7af9526add0c727a3b2048959847dc5fb030913e2918bf384fec3/rdflib-7.6.0.tar.gz", hash = "sha256:6c831288d5e4a5a7ece85d0ccde9877d512a3d0f02d7c06455d00d6d0ea379df", size = 4943826, upload-time = "2026-02-13T07:15:55.938Z" }
wheels = [
    { url = "https://files.pythonhosted.org/packages/10/c2/6604a71269e0c1bd75656d5a001432d16f2cc5b8c057140ec797155c295e/rdflib-7.6.0-py3-none-any.whl", hash = "sha256:30c0a3ebf4c0e09215f066be7246794b6492e054e782d7ac2a34c9f70a15e0dd", size = 615416, upload-time = "2026-02-13T07:15:46.487Z" },
]

[[package]]
name = "requests"
version = "2.32.5"
source = { registry = "https://pypi.org/simple" }
dependencies = [
    { name = "certifi" },
    { name = "charset-normalizer" },
    { name = "idna" },
    { name = "urllib3" },
]
sdist = { url = "https://files.pythonhosted.org/packages/c9/74/b3ff8e6c8446842c3f5c837e9c3dfcfe2018ea6ecef224c710c85ef728f4/requests-2.32.5.tar.gz", hash = "sha256:dbba0bac56e100853db0ea71b82b4dfd5fe2bf6d3754a8893c3af500cec7d7cf", size = 134517, upload-time = "2025-08-18T20:46:02.573Z" }
wheels = [
    { url = "https://files.pythonhosted.org/packages/1e/db/4254e3eabe8020b458f1a747140d32277ec7a271daf1d235b70dc0b4e6e3/requests-2.32.5-py3-none-any.whl", hash = "sha256:2462f94637a34fd532264295e186976db0f5d453d1cdd31473c85a6a161affb6", size = 64738, upload-time = "2025-08-18T20:46:00.542Z" },
]

[[package]]
name = "soupsieve"
version = "2.8.3"
source = { registry = "https://pypi.org/simple" }
sdist = { url = "https://files.pythonhosted.org/packages/7b/ae/2d9c981590ed9999a0d91755b47fc74f74de286b0f5cee14c9269041e6c4/soupsieve-2.8.3.tar.gz", hash = "sha256:3267f1eeea4251fb42728b6dfb746edc9acaffc4a45b27e19450b676586e8349", size = 118627, upload-time = "2026-01-20T04:27:02.457Z" }
wheels = [
    { url = "https://files.pythonhosted.org/packages/46/2c/1462b1d0a634697ae9e55b3cecdcb64788e8b7d63f54d923fcd0bb140aed/soupsieve-2.8.3-py3-none-any.whl", hash = "sha256:ed64f2ba4eebeab06cc4962affce381647455978ffc1e36bb79a545b91f45a95", size = 37016, upload-time = "2026-01-20T04:27:01.012Z" },
]

[[package]]
name = "testfixtures"
version = "10.0.0"
source = { registry = "https://pypi.org/simple" }
sdist = { url = "https://files.pythonhosted.org/packages/4d/53/d7439458a89dc5be4780b23af09432a8347c798ea52ba0b53fd158f86653/testfixtures-10.0.0.tar.gz", hash = "sha256:2b9829bf7f42f0ca8600250762e6725575da59af18d9a7f82aae2c97b14f0f66", size = 147464, upload-time = "2025-10-29T08:42:20.733Z" }
wheels = [
    { url = "https://files.pythonhosted.org/packages/15/30/70da9c7cd9931f2299ab2a353cf082427ba5dbea5f34db57e6a9ef89c8a5/testfixtures-10.0.0-py3-none-any.whl", hash = "sha256:c54ed5c4cd93ad271a6add94a575a5843964ea3aaf590f4c3cb4df16a261b15f", size = 111285, upload-time = "2025-10-29T08:42:19.647Z" },
]

[[package]]
name = "typing-extensions"
version = "4.15.0"
source = { registry = "https://pypi.org/simple" }
sdist = { url = "https://files.pythonhosted.org/packages/72/94/1a15dd82efb362ac84269196e94cf00f187f7ed21c242792a923cdb1c61f/typing_extensions-4.15.0.tar.gz", hash = "sha256:0cea48d173cc12fa28ecabc3b837ea3cf6f38c6d1136f85cbaaf598984861466", size = 109391, upload-time = "2025-08-25T13:49:26.313Z" }
wheels = [
    { url = "https://files.pythonhosted.org/packages/18/67/36e9267722cc04a6b9f15c7f3441c2363321a3ea07da7ae0c0707beb2a9c/typing_extensions-4.15.0-py3-none-any.whl", hash = "sha256:f0fa19c6845758ab08074a0cfa8b7aecb71c999ca73d62883bc25cc018c4e548", size = 44614, upload-time = "2025-08-25T13:49:24.86Z" },
]

[[package]]
name = "urllib3"
version = "2.6.3"
source = { registry = "https://pypi.org/simple" }
sdist = { url = "https://files.pythonhosted.org/packages/c7/24/5f1b3bdffd70275f6661c76461e25f024d5a38a46f04aaca912426a2b1d3/urllib3-2.6.3.tar.gz", hash = "sha256:1b62b6884944a57dbe321509ab94fd4d3b307075e0c2eae991ac71ee15ad38ed", size = 435556, upload-time = "2026-01-07T16:24:43.925Z" }
wheels = [
    { url = "https://files.pythonhosted.org/packages/39/08/aaaad47bc4e9dc8c725e68f9d04865dbcb2052843ff09c97b08904852d84/urllib3-2.6.3-py3-none-any.whl", hash = "sha256:bf272323e553dfb2e87d9bfd225ca7b0f467b919d7bbd355436d3fd37cb0acd4", size = 131584, upload-time = "2026-01-07T16:24:42.685Z" },
]
